
Microsoft Visual Studio Solution File, Format Version 12.00
# Visual Studio Version 17
VisualStudioVersion = 17.5.33502.453
MinimumVisualStudioVersion = 10.0.40219.1
Project("{FAE04EC0-301F-11D3-BF4B-00C04F79EFBC}") = "TextEditor", "TextEditor.csproj", "{0EDC2D87-2A1E-4D70-AF42-E75FD2EB55F9}"
EndProject
Global
	GlobalSection(SolutionConfigurationPlatforms) = preSolution
		Debug|Any CPU = Debug|Any CPU
		Release|Any CPU = Release|Any CPU
	EndGlobalSection
	GlobalSection(ProjectConfigurationPlatforms) = postSolution
		{0EDC2D87-2A1E-4D70-AF42-E75FD2EB55F9}.Debug|Any CPU.ActiveCfg = Debug|Any CPU
		{0EDC2D87-2A1E-4D70-AF42-E75FD2EB55F9}.Debug|Any CPU.Build.0 = Debug|Any CPU
		{0EDC2D87-2A1E-4D70-AF42-E75FD2EB55F9}.Release|Any CPU.ActiveCfg = Release|Any CPU
		{0EDC2D87-2A1E-4D70-AF42-E75FD2EB55F9}.Release|Any CPU.Build.0 = Release|Any CPU
	EndGlobalSection
	GlobalSection(SolutionProperties) = preSolution
		HideSolutionNode = FALSE
	EndGlobalSection
	GlobalSection(ExtensibilityGlobals) = postSolution
		SolutionGuid = {E6CDAA39-1935-4A06-9481-C05552DF2E62}
	EndGlobalSection
EndGlobal
